// !$*UTF8*$!
{
	archiveVersion = 1;
	classes = {
	};
	objectVersion = 46;
	objects = {

/* Begin PBXBuildFile section */
		E8B256981B01AB9000C3089C /* main.m in Sources */ = {isa = PBXBuildFile; fileRef = E8B256971B01AB9000C3089C /* main.m */; };
		E8B2569B1B01AB9000C3089C /* AppDelegate.m in Sources */ = {isa = PBXBuildFile; fileRef = E8B2569A1B01AB9000C3089C /* AppDelegate.m */; };
		E8B2569E1B01AB9000C3089C /* ViewController.m in Sources */ = {isa = PBXBuildFile; fileRef = E8B2569D1B01AB9000C3089C /* ViewController.m */; };
		E8B256A11B01AB9000C3089C /* Main.storyboard in Resources */ = {isa = PBXBuildFile; fileRef = E8B2569F1B01AB9000C3089C /* Main.storyboard */; };
		E8B256A31B01AB9000C3089C /* Images.xcassets in Resources */ = {isa = PBXBuildFile; fileRef = E8B256A21B01AB9000C3089C /* Images.xcassets */; };
		E8B256A61B01AB9000C3089C /* LaunchScreen.xib in Resources */ = {isa = PBXBuildFile; fileRef = E8B256A41B01AB9000C3089C /* LaunchScreen.xib */; };
		E8B256B21B01AB9200C3089C /* Git_TestTests.m in Sources */ = {isa = PBXBuildFile; fileRef = E8B256B11B01AB9200C3089C /* Git_TestTests.m */; };
		E8B256BD1B01AE8C00C3089C /* Test.m in Sources */ = {isa = PBXBuildFile; fileRef = E8B256BC1B01AE8C00C3089C /* Test.m */; };
/* End PBXBuildFile section */

/* Begin PBXContainerItemProxy section */
		E8B256AC1B01AB9000C3089C /* PBXContainerItemProxy */ = {
			isa = PBXContainerItemProxy;
			containerPortal = E8B2568A1B01AB9000C3089C /* Project object */;
			proxyType = 1;
			remoteGlobalIDString = E8B256911B01AB9000C3089C;
			remoteInfo = "Git Test";
		};
/* End PBXContainerItemProxy section */

/* Begin PBXFileReference section */
		E8B256921B01AB9000C3089C /* Git Test.app */ = {isa = PBXFileReference; explicitFileType = wrapper.application; includeInIndex = 0; path = "Git Test.app"; sourceTree = BUILT_PRODUCTS_DIR; };
		E8B256961B01AB9000C3089C /* Info.plist */ = {isa = PBXFileReference; lastKnownFileType = text.plist.xml; path = Info.plist; sourceTree = "<group>"; };
		E8B256971B01AB9000C3089C /* main.m */ = {isa = PBXFileReference; lastKnownFileType = sourcecode.c.objc; path = main.m; sourceTree = "<group>"; };
		E8B256991B01AB9000C3089C /* AppDelegate.h */ = {isa = PBXFileReference; lastKnownFileType = sourcecode.c.h; path = AppDelegate.h; sourceTree = "<group>"; };
		E8B2569A1B01AB9000C3089C /* AppDelegate.m */ = {isa = PBXFileReference; lastKnownFileType = sourcecode.c.objc; path = AppDelegate.m; sourceTree = "<group>"; };
		E8B2569C1B01AB9000C3089C /* ViewController.h */ = {isa = PBXFileReference; lastKnownFileType = sourcecode.c.h; path = ViewController.h; sourceTree = "<group>"; };
		E8B2569D1B01AB9000C3089C /* ViewController.m */ = {isa = PBXFileReference; lastKnownFileType = sourcecode.c.objc; path = ViewController.m; sourceTree = "<group>"; };
		E8B256A01B01AB9000C3089C /* Base */ = {isa = PBXFileReference; lastKnownFileType = file.storyboard; name = Base; path = Base.lproj/Main.storyboard; sourceTree = "<group>"; };
		E8B256A21B01AB9000C3089C /* Images.xcassets */ = {isa = PBXFileReference; lastKnownFileType = folder.assetcatalog; path = Images.xcassets; sourceTree = "<group>"; };
		E8B256A51B01AB9000C3089C /* Base */ = {isa = PBXFileReference; lastKnownFileType = file.xib; name = Base; path = Base.lproj/LaunchScreen.xib; sourceTree = "<group>"; };
		E8B256AB1B01AB9000C3089C /* Git TestTests.xctest */ = {isa = PBXFileReference; explicitFileType = wrapper.cfbundle; includeInIndex = 0; path = "Git TestTests.xctest"; sourceTree = BUILT_PRODUCTS_DIR; };
		E8B256B01B01AB9200C3089C /* Info.plist */ = {isa = PBXFileReference; lastKnownFileType = text.plist.xml; path = Info.plist; sourceTree = "<group>"; };
		E8B256B11B01AB9200C3089C /* Git_TestTests.m */ = {isa = PBXFileReference; lastKnownFileType = sourcecode.c.objc; path = Git_TestTests.m; sourceTree = "<group>"; };
		E8B256BB1B01AE8C00C3089C /* Test.h */ = {isa = PBXFileReference; fileEncoding = 4; lastKnownFileType = sourcecode.c.h; path = Test.h; sourceTree = "<group>"; };
		E8B256BC1B01AE8C00C3089C /* Test.m */ = {isa = PBXFileReference; fileEncoding = 4; lastKnownFileType = sourcecode.c.objc; path = Test.m; sourceTree = "<group>"; };
/* End PBXFileReference section */

/* Begin PBXFrameworksBuildPhase section */
		E8B2568F1B01AB9000C3089C /* Frameworks */ = {
			isa = PBXFrameworksBuildPhase;
			buildActionMask = 2147483647;
			files = (
			);
			runOnlyForDeploymentPostprocessing = 0;
		};
		E8B256A81B01AB9000C3089C /* Frameworks */ = {
			isa = PBXFrameworksBuildPhase;
			buildActionMask = 2147483647;
			files = (
			);
			runOnlyForDeploymentPostprocessing = 0;
		};
/* End PBXFrameworksBuildPhase section */

/* Begin PBXGroup section */
		E8B256891B01AB9000C3089C = {
			isa = PBXGroup;
			children = (
				E8B256941B01AB9000C3089C /* Git Test */,
				E8B256AE1B01AB9000C3089C /* Git TestTests */,
				E8B256931B01AB9000C3089C /* Products */,
			);
			sourceTree = "<group>";
		};
		E8B256931B01AB9000C3089C /* Products */ = {
			isa = PBXGroup;
			children = (
				E8B256921B01AB9000C3089C /* Git Test.app */,
				E8B256AB1B01AB9000C3089C /* Git TestTests.xctest */,
			);
			name = Products;
			sourceTree = "<group>";
		};
		E8B256941B01AB9000C3089C /* Git Test */ = {
			isa = PBXGroup;
			children = (
				E8B256991B01AB9000C3089C /* AppDelegate.h */,
				E8B2569A1B01AB9000C3089C /* AppDelegate.m */,
				E8B2569C1B01AB9000C3089C /* ViewController.h */,
				E8B2569D1B01AB9000C3089C /* ViewController.m */,
				E8B2569F1B01AB9000C3089C /* Main.storyboard */,
				E8B256A21B01AB9000C3089C /* Images.xcassets */,
				E8B256A41B01AB9000C3089C /* LaunchScreen.xib */,
				E8B256951B01AB9000C3089C /* Supporting Files */,
				E8B256BB1B01AE8C00C3089C /* Test.h */,
				E8B256BC1B01AE8C00C3089C /* Test.m */,
			);
			path = "Git Test";
			sourceTree = "<group>";
		};
		E8B256951B01AB9000C3089C /* Supporting Files */ = {
			isa = PBXGroup;
			children = (
				E8B256961B01AB9000C3089C /* Info.plist */,
				E8B256971B01AB9000C3089C /* main.m */,
			);
			name = "Supporting Files";
			sourceTree = "<group>";
		};
		E8B256AE1B01AB9000C3089C /* Git TestTests */ = {
			isa = PBXGroup;
			children = (
				E8B256B11B01AB9200C3089C /* Git_TestTests.m */,
				E8B256AF1B01AB9200C3089C /* Supporting Files */,
			);
			path = "Git TestTests";
			sourceTree = "<group>";
		};
		E8B256AF1B01AB9200C3089C /* Supporting Files */ = {
			isa = PBXGroup;
			children = (
				E8B256B01B01AB9200C3089C /* Info.plist */,
			);
			name = "Supporting Files";
			sourceTree = "<group>";
		};
/* End PBXGroup section */

/* Begin PBXNativeTarget section */
		E8B256911B01AB9000C3089C /* Git Test */ = {
			isa = PBXNativeTarget;
			buildConfigurationList = E8B256B51B01AB9200C3089C /* Build configuration list for PBXNativeTarget "Git Test" */;
			buildPhases = (
				E8B2568E1B01AB9000C3089C /* Sources */,
				E8B2568F1B01AB9000C3089C /* Frameworks */,
				E8B256901B01AB9000C3089C /* Resources */,
			);
			buildRules = (
			);
			dependencies = (
			);
			name = "Git Test";
			productName = "Git Test";
			productReference = E8B256921B01AB9000C3089C /* Git Test.app */;
			productType = "com.apple.product-type.application";
		};
		E8B256AA1B01AB9000C3089C /* Git TestTests */ = {
			isa = PBXNativeTarget;
			buildConfigurationList = E8B256B81B01AB9200C3089C /* Build configuration list for PBXNativeTarget "Git TestTests" */;
			buildPhases = (
				E8B256A71B01AB9000C3089C /* Sources */,
				E8B256A81B01AB9000C3089C /* Frameworks */,
				E8B256A91B01AB9000C3089C /* Resources */,
			);
			buildRules = (
			);
			dependencies = (
				E8B256AD1B01AB9000C3089C /* PBXTargetDependency */,
			);
			name = "Git TestTests";
			productName = "Git TestTests";
			productReference = E8B256AB1B01AB9000C3089C /* Git TestTests.xctest */;
			productType = "com.apple.product-type.bundle.unit-test";
		};
/* End PBXNativeTarget section */

/* Begin PBXProject section */
		E8B2568A1B01AB9000C3089C /* Project object */ = {
			isa = PBXProject;
			attributes = {
				LastUpgradeCheck = 0630;
				ORGANIZATIONNAME = Amis.co;
				TargetAttributes = {
					E8B256911B01AB9000C3089C = {
						CreatedOnToolsVersion = 6.3.1;
					};
					E8B256AA1B01AB9000C3089C = {
						CreatedOnToolsVersion = 6.3.1;
						TestTargetID = E8B256911B01AB9000C3089C;
					};
				};
			};
			buildConfigurationList = E8B2568D1B01AB9000C3089C /* Build configuration list for PBXProject "Git Test" */;
			compatibilityVersion = "Xcode 3.2";
			developmentRegion = English;
			hasScannedForEncodings = 0;
			knownRegions = (
				en,
				Base,
			);
			mainGroup = E8B256891B01AB9000C3089C;
			productRefGroup = E8B256931B01AB9000C3089C /* Products */;
			projectDirPath = "";
			projectRoot = "";
			targets = (
				E8B256911B01AB9000C3089C /* Git Test */,
				E8B256AA1B01AB9000C3089C /* Git TestTests */,
			);
		};
/* End PBXProject section */

/* Begin PBXResourcesBuildPhase section */
		E8B256901B01AB9000C3089C /* Resources */ = {
			isa = PBXResourcesBuildPhase;
			buildActionMask = 2147483647;
			files = (
				E8B256A11B01AB9000C3089C /* Main.storyboard in Resources */,
				E8B256A61B01AB9000C3089C /* LaunchScreen.xib in Resources */,
				E8B256A31B01AB9000C3089C /* Images.xcassets in Resources */,
			);
			runOnlyForDeploymentPostprocessing = 0;
		};
		E8B256A91B01AB9000C3089C /* Resources */ = {
			isa = PBXResourcesBuildPhase;
			buildActionMask = 2147483647;
			files = (
			);
			runOnlyForDeploymentPostprocessing = 0;
		};
/* End PBXResourcesBuildPhase section */

/* Begin PBXSourcesBuildPhase section */
		E8B2568E1B01AB9000C3089C /* Sources */ = {
			isa = PBXSourcesBuildPhase;
			buildActionMask = 2147483647;
			files = (
				E8B2569E1B01AB9000C3089C /* ViewController.m in Sources */,
				E8B256BD1B01AE8C00C3089C /* Test.m in Sources */,
				E8B2569B1B01AB9000C3089C /* AppDelegate.m in Sources */,
				E8B256981B01AB9000C3089C /* main.m in Sources */,
			);
			runOnlyForDeploymentPostprocessing = 0;
		};
		E8B256A71B01AB9000C3089C /* Sources */ = {
			isa = PBXSourcesBuildPhase;
			buildActionMask = 2147483647;
			files = (
				E8B256B21B01AB9200C3089C /* Git_TestTests.m in Sources */,
			);
			runOnlyForDeploymentPostprocessing = 0;
		};
/* End PBXSourcesBuildPhase section */

/* Begin PBXTargetDependency section */
		E8B256AD1B01AB9000C3089C /* PBXTargetDependency */ = {
			isa = PBXTargetDependency;
			target = E8B256911B01AB9000C3089C /* Git Test */;
			targetProxy = E8B256AC1B01AB9000C3089C /* PBXContainerItemProxy */;
		};
/* End PBXTargetDependency section */

/* Begin PBXVariantGroup section */
		E8B2569F1B01AB9000C3089C /* Main.storyboard */ = {
			isa = PBXVariantGroup;
			children = (
				E8B256A01B01AB9000C3089C /* Base */,
			);
			name = Main.storyboard;
			sourceTree = "<group>";
		};
		E8B256A41B01AB9000C3089C /* LaunchScreen.xib */ = {
			isa = PBXVariantGroup;
			children = (
				E8B256A51B01AB9000C3089C /* Base */,
			);
			name = LaunchScreen.xib;
			sourceTree = "<group>";
		};
/* End PBXVariantGroup section */

/* Begin XCBuildConfiguration section */
		E8B256B31B01AB9200C3089C /* Debug */ = {
			isa = XCBuildConfiguration;
			buildSettings = {
				ALWAYS_SEARCH_USER_PATHS = NO;
				CLANG_CXX_LANGUAGE_STANDARD = "gnu++0x";
				CLANG_CXX_LIBRARY = "libc++";
				CLANG_ENABLE_MODULES = YES;
				CLANG_ENABLE_OBJC_ARC = YES;
				CLANG_WARN_BOOL_CONVERSION = YES;
				CLANG_WARN_CONSTANT_CONVERSION = YES;
				CLANG_WARN_DIRECT_OBJC_ISA_USAGE = YES_ERROR;
				CLANG_WARN_EMPTY_BODY = YES;
				CLANG_WARN_ENUM_CONVERSION = YES;
				CLANG_WARN_INT_CONVERSION = YES;
				CLANG_WARN_OBJC_ROOT_CLASS = YES_ERROR;
				CLANG_WARN_UNREACHABLE_CODE = YES;
				CLANG_WARN__DUPLICATE_METHOD_MATCH = YES;
				"CODE_SIGN_IDENTITY[sdk=iphoneos*]" = "iPhone Developer";
				COPY_PHASE_STRIP = NO;
				DEBUG_INFORMATION_FORMAT = "dwarf-with-dsym";
				ENABLE_STRICT_OBJC_MSGSEND = YES;
				GCC_C_LANGUAGE_STANDARD = gnu99;
				GCC_DYNAMIC_NO_PIC = NO;
				GCC_NO_COMMON_BLOCKS = YES;
				GCC_OPTIMIZATION_LEVEL = 0;
				GCC_PREPROCESSOR_DEFINITIONS = (
					"DEBUG=1",
					"$(inherited)",
				);
				GCC_SYMBOLS_PRIVATE_EXTERN = NO;
				GCC_WARN_64_TO_32_BIT_CONVERSION = YES;
				GCC_WARN_ABOUT_RETURN_TYPE = YES_ERROR;
				GCC_WARN_UNDECLARED_SELECTOR = YES;
				GCC_WARN_UNINITIALIZED_AUTOS = YES_AGGRESSIVE;
				GCC_WARN_UNUSED_FUNCTION = YES;
				GCC_WARN_UNUSED_VARIABLE = YES;
				IPHONEOS_DEPLOYMENT_TARGET = 8.3;
				MTL_ENABLE_DEBUG_INFO = YES;
				ONLY_ACTIVE_ARCH = YES;
				SDKROOT = iphoneos;
			};
			name = Debug;
		};
		E8B256B41B01AB9200C3089C /* Release */ = {
			isa = XCBuildConfiguration;
			buildSettings = {
				ALWAYS_SEARCH_USER_PATHS = NO;
				CLANG_CXX_LANGUAGE_STANDARD = "gnu++0x";
				CLANG_CXX_LIBRARY = "libc++";
				CLANG_ENABLE_MODULES = YES;
				CLANG_ENABLE_OBJC_ARC = YES;
				CLANG_WARN_BOOL_CONVERSION = YES;
				CLANG_WARN_CONSTANT_CONVERSION = YES;
				CLANG_WARN_DIRECT_OBJC_ISA_USAGE = YES_ERROR;
				CLANG_WARN_EMPTY_BODY = YES;
				CLANG_WARN_ENUM_CONVERSION = YES;
				CLANG_WARN_INT_CONVERSION = YES;
				CLANG_WARN_OBJC_ROOT_CLASS = YES_ERROR;
				CLANG_WARN_UNREACHABLE_CODE = YES;
				CLANG_WARN__DUPLICATE_METHOD_MATCH = YES;
				"CODE_SIGN_IDENTITY[sdk=iphoneos*]" = "iPhone Developer";
				COPY_PHASE_STRIP = NO;
				DEBUG_INFORMATION_FORMAT = "dwarf-with-dsym";
				ENABLE_NS_ASSERTIONS = NO;
				ENABLE_STRICT_OBJC_MSGSEND = YES;
				GCC_C_LANGUAGE_STANDARD = gnu99;
				GCC_NO_COMMON_BLOCKS = YES;
				GCC_WARN_64_TO_32_BIT_CONVERSION = YES;
				GCC_WARN_ABOUT_RETURN_TYPE = YES_ERROR;
				GCC_WARN_UNDECLARED_SELECTOR = YES;
				GCC_WARN_UNINITIALIZED_AUTOS = YES_AGGRESSIVE;
				GCC_WARN_UNUSED_FUNCTION = YES;
				GCC_WARN_UNUSED_VARIABLE = YES;
				IPHONEOS_DEPLOYMENT_TARGET = 8.3;
				MTL_ENABLE_DEBUG_INFO = NO;
				SDKROOT = iphoneos;
				VALIDATE_PRODUCT = YES;
			};
			name = Release;
		};
		E8B256B61B01AB9200C3089C /* Debug */ = {
			isa = XCBuildConfiguration;
			buildSettings = {
				ASSETCATALOG_COMPILER_APPICON_NAME = AppIcon;
				INFOPLIST_FILE = "Git Test/Info.plist";
				LD_RUNPATH_SEARCH_PATHS = "$(inherited) @executable_path/Frameworks";
				PRODUCT_NAME = "$(TARGET_NAME)";
			};
			name = Debug;
		};
		E8B256B71B01AB9200C3089C /* Release */ = {
			isa = XCBuildConfiguration;
			buildSettings = {
				ASSETCATALOG_COMPILER_APPICON_NAME = AppIcon;
				INFOPLIST_FILE = "Git Test/Info.plist";
				LD_RUNPATH_SEARCH_PATHS = "$(inherited) @executable_path/Frameworks";
				PRODUCT_NAME = "$(TARGET_NAME)";
			};
			name = Release;
		};
		E8B256B91B01AB9200C3089C /* Debug */ = {
			isa = XCBuildConfiguration;
			buildSettings = {
				BUNDLE_LOADER = "$(TEST_HOST)";
				FRAMEWORK_SEARCH_PATHS = (
					"$(SDKROOT)/Developer/Library/Frameworks",
					"$(inherited)",
				);
				GCC_PREPROCESSOR_DEFINITIONS = (
					"DEBUG=1",
					"$(inherited)",
				);
				INFOPLIST_FILE = "Git TestTests/Info.plist";
				LD_RUNPATH_SEARCH_PATHS = "$(inherited) @executable_path/Frameworks @loader_path/Frameworks";
				PRODUCT_NAME = "$(TARGET_NAME)";
				TEST_HOST = "$(BUILT_PRODUCTS_DIR)/Git Test.app/Git Test";
			};
			name = Debug;
		};
		E8B256BA1B01AB9200C3089C /* Release */ = {
			isa = XCBuildConfiguration;
			buildSettings = {
				BUNDLE_LOADER = "$(TEST_HOST)";
				FRAMEWORK_SEARCH_PATHS = (
					"$(SDKROOT)/Developer/Library/Frameworks",
					"$(inherited)",
				);
				INFOPLIST_FILE = "Git TestTests/Info.plist";
				LD_RUNPATH_SEARCH_PATHS = "$(inherited) @executable_path/Frameworks @loader_path/Frameworks";
				PRODUCT_NAME = "$(TARGET_NAME)";
				TEST_HOST = "$(BUILT_PRODUCTS_DIR)/Git Test.app/Git Test";
			};
			name = Release;
		};
/* End XCBuildConfiguration section */

/* Begin XCConfigurationList section */
		E8B2568D1B01AB9000C3089C /* Build configuration list for PBXProject "Git Test" */ = {
			isa = XCConfigurationList;
			buildConfigurations = (
				E8B256B31B01AB9200C3089C /* Debug */,
				E8B256B41B01AB9200C3089C /* Release */,
			);
			defaultConfigurationIsVisible = 0;
			defaultConfigurationName = Release;
		};
		E8B256B51B01AB9200C3089C /* Build configuration list for PBXNativeTarget "Git Test" */ = {
			isa = XCConfigurationList;
			buildConfigurations = (
				E8B256B61B01AB9200C3089C /* Debug */,
				E8B256B71B01AB9200C3089C /* Release */,
			);
			defaultConfigurationIsVisible = 0;
		};
		E8B256B81B01AB9200C3089C /* Build configuration list for PBXNativeTarget "Git TestTests" */ = {
			isa = XCConfigurationList;
			buildConfigurations = (
				E8B256B91B01AB9200C3089C /* Debug */,
				E8B256BA1B01AB9200C3089C /* Release */,
			);
			defaultConfigurationIsVisible = 0;
		};
/* End XCConfigurationList section */
	};
	rootObject = E8B2568A1B01AB9000C3089C /* Project object */;
}
